// !$*UTF8*$!
{
	archiveVersion = 1;
	classes = {
	};
	objectVersion = 55;
	objects = {

/* Begin PBXBuildFile section */
		99BBC4042670AE91000EB980 /* RealityKit_3D_PreviewerApp.swift in Sources */ = {isa = PBXBuildFile; fileRef = 99BBC4032670AE91000EB980 /* RealityKit_3D_PreviewerApp.swift */; };
		99BBC4062670AE91000EB980 /* ContentView.swift in Sources */ = {isa = PBXBuildFile; fileRef = 99BBC4052670AE91000EB980 /* ContentView.swift */; };
		99BBC4082670AE93000EB980 /* Assets.xcassets in Resources */ = {isa = PBXBuildFile; fileRef = 99BBC4072670AE93000EB980 /* Assets.xcassets */; };
		99BBC40B2670AE93000EB980 /* Preview Assets.xcassets in Resources */ = {isa = PBXBuildFile; fileRef = 99BBC40A2670AE93000EB980 /* Preview Assets.xcassets */; };
		99BBC4122670B159000EB980 /* DEQ18PRI73502-126335.usdz in Resources */ = {isa = PBXBuildFile; fileRef = 99BBC4112670B159000EB980 /* DEQ18PRI73502-126335.usdz */; };
		99BBC4192670E8DE000EB980 /* DEQ19WES92620-131615.usdz in Resources */ = {isa = PBXBuildFile; fileRef = 99BBC4182670E8DE000EB980 /* DEQ19WES92620-131615.usdz */; };
/* End PBXBuildFile section */

/* Begin PBXFileReference section */
		99BBC4002670AE91000EB980 /* RealityKit-3D-Previewer.app */ = {isa = PBXFileReference; explicitFileType = wrapper.application; includeInIndex = 0; path = "RealityKit-3D-Previewer.app"; sourceTree = BUILT_PRODUCTS_DIR; };
		99BBC4032670AE91000EB980 /* RealityKit_3D_PreviewerApp.swift */ = {isa = PBXFileReference; lastKnownFileType = sourcecode.swift; path = RealityKit_3D_PreviewerApp.swift; sourceTree = "<group>"; };
		99BBC4052670AE91000EB980 /* ContentView.swift */ = {isa = PBXFileReference; lastKnownFileType = sourcecode.swift; path = ContentView.swift; sourceTree = "<group>"; };
		99BBC4072670AE93000EB980 /* Assets.xcassets */ = {isa = PBXFileReference; lastKnownFileType = folder.assetcatalog; path = Assets.xcassets; sourceTree = "<group>"; };
		99BBC40A2670AE93000EB980 /* Preview Assets.xcassets */ = {isa = PBXFileReference; lastKnownFileType = folder.assetcatalog; path = "Preview Assets.xcassets"; sourceTree = "<group>"; };
		99BBC4112670B159000EB980 /* DEQ18PRI73502-126335.usdz */ = {isa = PBXFileReference; lastKnownFileType = file.usdz; path = "DEQ18PRI73502-126335.usdz"; sourceTree = "<group>"; };
		99BBC4152670DB5F000EB980 /* Info.plist */ = {isa = PBXFileReference; lastKnownFileType = text.plist; path = Info.plist; sourceTree = "<group>"; };
		99BBC4182670E8DE000EB980 /* DEQ19WES92620-131615.usdz */ = {isa = PBXFileReference; lastKnownFileType = file.usdz; path = "DEQ19WES92620-131615.usdz"; sourceTree = "<group>"; };
/* End PBXFileReference section */

/* Begin PBXFrameworksBuildPhase section */
		99BBC3FD2670AE91000EB980 /* Frameworks */ = {
			isa = PBXFrameworksBuildPhase;
			buildActionMask = 2147483647;
			files = (
			);
			runOnlyForDeploymentPostprocessing = 0;
		};
/* End PBXFrameworksBuildPhase section */

/* Begin PBXGroup section */
		99BBC3F72670AE91000EB980 = {
			isa = PBXGroup;
			children = (
				99BBC4022670AE91000EB980 /* RealityKit-3D-Previewer */,
				99BBC4012670AE91000EB980 /* Products */,
			);
			sourceTree = "<group>";
		};
		99BBC4012670AE91000EB980 /* Products */ = {
			isa = PBXGroup;
			children = (
				99BBC4002670AE91000EB980 /* RealityKit-3D-Previewer.app */,
			);
			name = Products;
			sourceTree = "<group>";
		};
		99BBC4022670AE91000EB980 /* RealityKit-3D-Previewer */ = {
			isa = PBXGroup;
			children = (
				99BBC4152670DB5F000EB980 /* Info.plist */,
				99BBC4112670B159000EB980 /* DEQ18PRI73502-126335.usdz */,
				99BBC4182670E8DE000EB980 /* DEQ19WES92620-131615.usdz */,
				99BBC4032670AE91000EB980 /* RealityKit_3D_PreviewerApp.swift */,
				99BBC4052670AE91000EB980 /* ContentView.swift */,
				99BBC4072670AE93000EB980 /* Assets.xcassets */,
				99BBC4092670AE93000EB980 /* Preview Content */,
			);
			path = "RealityKit-3D-Previewer";
			sourceTree = "<group>";
		};
		99BBC4092670AE93000EB980 /* Preview Content */ = {
			isa = PBXGroup;
			children = (
				99BBC40A2670AE93000EB980 /* Preview Assets.xcassets */,
			);
			path = "Preview Content";
			sourceTree = "<group>";
		};
/* End PBXGroup section */

/* Begin PBXNativeTarget section */
		99BBC3FF2670AE91000EB980 /* RealityKit-3D-Previewer */ = {
			isa = PBXNativeTarget;
			buildConfigurationList = 99BBC40E2670AE93000EB980 /* Build configuration list for PBXNativeTarget "RealityKit-3D-Previewer" */;
			buildPhases = (
				99BBC3FC2670AE91000EB980 /* Sources */,
				99BBC3FD2670AE91000EB980 /* Frameworks */,
				99BBC3FE2670AE91000EB980 /* Resources */,
			);
			buildRules = (
			);
			dependencies = (
			);
			name = "RealityKit-3D-Previewer";
			productName = "RealityKit-3D-Previewer";
			productReference = 99BBC4002670AE91000EB980 /* RealityKit-3D-Previewer.app */;
			productType = "com.apple.product-type.application";
		};
/* End PBXNativeTarget section */

/* Begin PBXProject section */
		99BBC3F82670AE91000EB980 /* Project object */ = {
			isa = PBXProject;
			attributes = {
				BuildIndependentTargetsInParallel = 1;
				LastSwiftUpdateCheck = 1300;
				LastUpgradeCheck = 1300;
				TargetAttributes = {
					99BBC3FF2670AE91000EB980 = {
						CreatedOnToolsVersion = 13.0;
					};
				};
			};
			buildConfigurationList = 99BBC3FB2670AE91000EB980 /* Build configuration list for PBXProject "RealityKit-3D-Previewer" */;
			compatibilityVersion = "Xcode 13.0";
			developmentRegion = en;
			hasScannedForEncodings = 0;
			knownRegions = (
				en,
				Base,
			);
			mainGroup = 99BBC3F72670AE91000EB980;
			productRefGroup = 99BBC4012670AE91000EB980 /* Products */;
			projectDirPath = "";
			projectRoot = "";
			targets = (
				99BBC3FF2670AE91000EB980 /* RealityKit-3D-Previewer */,
			);
		};
/* End PBXProject section */

/* Begin PBXResourcesBuildPhase section */
		99BBC3FE2670AE91000EB980 /* Resources */ = {
			isa = PBXResourcesBuildPhase;
			buildActionMask = 2147483647;
			files = (
				99BBC4122670B159000EB980 /* DEQ18PRI73502-126335.usdz in Resources */,
				99BBC4192670E8DE000EB980 /* DEQ19WES92620-131615.usdz in Resources */,
				99BBC40B2670AE93000EB980 /* Preview Assets.xcassets in Resources */,
				99BBC4082670AE93000EB980 /* Assets.xcassets in Resources */,
			);
			runOnlyForDeploymentPostprocessing = 0;
		};
/* End PBXResourcesBuildPhase section */

/* Begin PBXSourcesBuildPhase section */
		99BBC3FC2670AE91000EB980 /* Sources */ = {
			isa = PBXSourcesBuildPhase;
			buildActionMask = 2147483647;
			files = (
				99BBC4062670AE91000EB980 /* ContentView.swift in Sources */,
				99BBC4042670AE91000EB980 /* RealityKit_3D_PreviewerApp.swift in Sources */,
			);
			runOnlyForDeploymentPostprocessing = 0;
		};
/* End PBXSourcesBuildPhase section */

/* Begin XCBuildConfiguration section */
		99BBC40C2670AE93000EB980 /* Debug */ = {
			isa = XCBuildConfiguration;
			buildSettings = {
				ALWAYS_SEARCH_USER_PATHS = NO;
				CLANG_ANALYZER_NONNULL = YES;
				CLANG_ANALYZER_NUMBER_OBJECT_CONVERSION = YES_AGGRESSIVE;
				CLANG_CXX_LANGUAGE_STANDARD = "gnu++14";
				CLANG_CXX_LIBRARY = "libc++";
				CLANG_ENABLE_MODULES = YES;
				CLANG_ENABLE_OBJC_ARC = YES;
				CLANG_ENABLE_OBJC_WEAK = YES;
				CLANG_WARN_BLOCK_CAPTURE_AUTORELEASING = YES;
				CLANG_WARN_BOOL_CONVERSION = YES;
				CLANG_WARN_COMMA = YES;
				CLANG_WARN_CONSTANT_CONVERSION = YES;
				CLANG_WARN_DEPRECATED_OBJC_IMPLEMENTATIONS = YES;
				CLANG_WARN_DIRECT_OBJC_ISA_USAGE = YES_ERROR;
				CLANG_WARN_DOCUMENTATION_COMMENTS = YES;
				CLANG_WARN_EMPTY_BODY = YES;
				CLANG_WARN_ENUM_CONVERSION = YES;
				CLANG_WARN_INFINITE_RECURSION = YES;
				CLANG_WARN_INT_CONVERSION = YES;
				CLANG_WARN_NON_LITERAL_NULL_CONVERSION = YES;
				CLANG_WARN_OBJC_IMPLICIT_RETAIN_SELF = YES;
				CLANG_WARN_OBJC_LITERAL_CONVERSION = YES;
				CLANG_WARN_OBJC_ROOT_CLASS = YES_ERROR;
				CLANG_WARN_QUOTED_INCLUDE_IN_FRAMEWORK_HEADER = YES;
				CLANG_WARN_RANGE_LOOP_ANALYSIS = YES;
				CLANG_WARN_STRICT_PROTOTYPES = YES;
				CLANG_WARN_SUSPICIOUS_MOVE = YES;
				CLANG_WARN_UNGUARDED_AVAILABILITY = YES_AGGRESSIVE;
				CLANG_WARN_UNREACHABLE_CODE = YES;
				CLANG_WARN__DUPLICATE_METHOD_MATCH = YES;
				COPY_PHASE_STRIP = NO;
				DEBUG_INFORMATION_FORMAT = dwarf;
				ENABLE_STRICT_OBJC_MSGSEND = YES;
				ENABLE_TESTABILITY = YES;
				GCC_C_LANGUAGE_STANDARD = gnu11;
				GCC_DYNAMIC_NO_PIC = NO;
				GCC_NO_COMMON_BLOCKS = YES;
				GCC_OPTIMIZATION_LEVEL = 0;
				GCC_PREPROCESSOR_DEFINITIONS = (
					"DEBUG=1",
					"$(inherited)",
				);
				GCC_WARN_64_TO_32_BIT_CONVERSION = YES;
				GCC_WARN_ABOUT_RETURN_TYPE = YES_ERROR;
				GCC_WARN_UNDECLARED_SELECTOR = YES;
				GCC_WARN_UNINITIALIZED_AUTOS = YES_AGGRESSIVE;
				GCC_WARN_UNUSED_FUNCTION = YES;
				GCC_WARN_UNUSED_VARIABLE = YES;
				IPHONEOS_DEPLOYMENT_TARGET = 15.0;
				MTL_ENABLE_DEBUG_INFO = INCLUDE_SOURCE;
				MTL_FAST_MATH = YES;
				ONLY_ACTIVE_ARCH = YES;
				SDKROOT = iphoneos;
				SWIFT_ACTIVE_COMPILATION_CONDITIONS = DEBUG;
				SWIFT_OPTIMIZATION_LEVEL = "-Onone";
			};
			name = Debug;
		};
		99BBC40D2670AE93000EB980 /* Release */ = {
			isa = XCBuildConfiguration;
			buildSettings = {
				ALWAYS_SEARCH_USER_PATHS = NO;
				CLANG_ANALYZER_NONNULL = YES;
				CLANG_ANALYZER_NUMBER_OBJECT_CONVERSION = YES_AGGRESSIVE;
				CLANG_CXX_LANGUAGE_STANDARD = "gnu++14";
				CLANG_CXX_LIBRARY = "libc++";
				CLANG_ENABLE_MODULES = YES;
				CLANG_ENABLE_OBJC_ARC = YES;
				CLANG_ENABLE_OBJC_WEAK = YES;
				CLANG_WARN_BLOCK_CAPTURE_AUTORELEASING = YES;
				CLANG_WARN_BOOL_CONVERSION = YES;
				CLANG_WARN_COMMA = YES;
				CLANG_WARN_CONSTANT_CONVERSION = YES;
				CLANG_WARN_DEPRECATED_OBJC_IMPLEMENTATIONS = YES;
				CLANG_WARN_DIRECT_OBJC_ISA_USAGE = YES_ERROR;
				CLANG_WARN_DOCUMENTATION_COMMENTS = YES;
				CLANG_WARN_EMPTY_BODY = YES;
				CLANG_WARN_ENUM_CONVERSION = YES;
				CLANG_WARN_INFINITE_RECURSION = YES;
				CLANG_WARN_INT_CONVERSION = YES;
				CLANG_WARN_NON_LITERAL_NULL_CONVERSION = YES;
				CLANG_WARN_OBJC_IMPLICIT_RETAIN_SELF = YES;
				CLANG_WARN_OBJC_LITERAL_CONVERSION = YES;
				CLANG_WARN_OBJC_ROOT_CLASS = YES_ERROR;
				CLANG_WARN_QUOTED_INCLUDE_IN_FRAMEWORK_HEADER = YES;
				CLANG_WARN_RANGE_LOOP_ANALYSIS = YES;
				CLANG_WARN_STRICT_PROTOTYPES = YES;
				CLANG_WARN_SUSPICIOUS_MOVE = YES;
				CLANG_WARN_UNGUARDED_AVAILABILITY = YES_AGGRESSIVE;
				CLANG_WARN_UNREACHABLE_CODE = YES;
				CLANG_WARN__DUPLICATE_METHOD_MATCH = YES;
				COPY_PHASE_STRIP = NO;
				DEBUG_INFORMATION_FORMAT = "dwarf-with-dsym";
				ENABLE_NS_ASSERTIONS = NO;
				ENABLE_STRICT_OBJC_MSGSEND = YES;
				GCC_C_LANGUAGE_STANDARD = gnu11;
				GCC_NO_COMMON_BLOCKS = YES;
				GCC_WARN_64_TO_32_BIT_CONVERSION = YES;
				GCC_WARN_ABOUT_RETURN_TYPE = YES_ERROR;
				GCC_WARN_UNDECLARED_SELECTOR = YES;
				GCC_WARN_UNINITIALIZED_AUTOS = YES_AGGRESSIVE;
				GCC_WARN_UNUSED_FUNCTION = YES;
				GCC_WARN_UNUSED_VARIABLE = YES;
				IPHONEOS_DEPLOYMENT_TARGET = 15.0;
				MTL_ENABLE_DEBUG_INFO = NO;
				MTL_FAST_MATH = YES;
				SDKROOT = iphoneos;
				SWIFT_COMPILATION_MODE = wholemodule;
				SWIFT_OPTIMIZATION_LEVEL = "-O";
				VALIDATE_PRODUCT = YES;
			};
			name = Release;
		};
		99BBC40F2670AE93000EB980 /* Debug */ = {
			isa = XCBuildConfiguration;
			buildSettings = {
				ASSETCATALOG_COMPILER_APPICON_NAME = AppIcon;
				ASSETCATALOG_COMPILER_GLOBAL_ACCENT_COLOR_NAME = AccentColor;
				CODE_SIGN_STYLE = Automatic;
				CURRENT_PROJECT_VERSION = 1;
				DEVELOPMENT_ASSET_PATHS = "\"RealityKit-3D-Previewer/Preview Content\"";
				DEVELOPMENT_TEAM = Y2NQ6FJX24;
				ENABLE_PREVIEWS = YES;
				GENERATE_INFOPLIST_FILE = YES;
				INFOPLIST_FILE = "RealityKit-3D-Previewer/Info.plist";
				INFOPLIST_KEY_CFBundleExecutable = "RealityKit-3D-Previewer";
				INFOPLIST_KEY_CFBundleName = "RealityKit-3D-Previewer";
				INFOPLIST_KEY_CFBundleVersion = 1;
				INFOPLIST_KEY_UIApplicationSceneManifest_Generation = YES;
				INFOPLIST_KEY_UIApplicationSupportsIndirectInputEvents = YES;
				INFOPLIST_KEY_UILaunchScreen_Generation = YES;
				INFOPLIST_KEY_UISupportedInterfaceOrientations_iPad = "UIInterfaceOrientationPortrait UIInterfaceOrientationPortraitUpsideDown UIInterfaceOrientationLandscapeLeft UIInterfaceOrientationLandscapeRight";
				INFOPLIST_KEY_UISupportedInterfaceOrientations_iPhone = "UIInterfaceOrientationPortrait UIInterfaceOrientationLandscapeLeft UIInterfaceOrientationLandscapeRight";
				IPHONEOS_DEPLOYMENT_TARGET = 14.0;
				LD_RUNPATH_SEARCH_PATHS = (
					"$(inherited)",
					"@executable_path/Frameworks",
				);
				MARKETING_VERSION = 1.0;
				PRODUCT_BUNDLE_IDENTIFIER = "de.westwing.wwdc21.RealityKit-3D-Previewer";
				PRODUCT_NAME = "$(TARGET_NAME)";
				SWIFT_EMIT_LOC_STRINGS = YES;
				SWIFT_VERSION = 5.0;
				TARGETED_DEVICE_FAMILY = "1,2";
			};
			name = Debug;
		};
		99BBC4102670AE93000EB980 /* Release */ = {
			isa = XCBuildConfiguration;
			buildSettings = {
				ASSETCATALOG_COMPILER_APPICON_NAME = AppIcon;
				ASSETCATALOG_COMPILER_GLOBAL_ACCENT_COLOR_NAME = AccentColor;
				CODE_SIGN_STYLE = Automatic;
				CURRENT_PROJECT_VERSION = 1;
				DEVELOPMENT_ASSET_PATHS = "\"RealityKit-3D-Previewer/Preview Content\"";
				DEVELOPMENT_TEAM = Y2NQ6FJX24;
				ENABLE_PREVIEWS = YES;
				GENERATE_INFOPLIST_FILE = YES;
				INFOPLIST_FILE = "RealityKit-3D-Previewer/Info.plist";
				INFOPLIST_KEY_CFBundleExecutable = "RealityKit-3D-Previewer";
				INFOPLIST_KEY_CFBundleName = "RealityKit-3D-Previewer";
				INFOPLIST_KEY_CFBundleVersion = 1;
				INFOPLIST_KEY_UIApplicationSceneManifest_Generation = YES;
				INFOPLIST_KEY_UIApplicationSupportsIndirectInputEvents = YES;
				INFOPLIST_KEY_UILaunchScreen_Generation = YES;
				INFOPLIST_KEY_UISupportedInterfaceOrientations_iPad = "UIInterfaceOrientationPortrait UIInterfaceOrientationPortraitUpsideDown UIInterfaceOrientationLandscapeLeft UIInterfaceOrientationLandscapeRight";
				INFOPLIST_KEY_UISupportedInterfaceOrientations_iPhone = "UIInterfaceOrientationPortrait UIInterfaceOrientationLandscapeLeft UIInterfaceOrientationLandscapeRight";
				IPHONEOS_DEPLOYMENT_TARGET = 14.0;
				LD_RUNPATH_SEARCH_PATHS = (
					"$(inherited)",
					"@executable_path/Frameworks",
				);
				MARKETING_VERSION = 1.0;
				PRODUCT_BUNDLE_IDENTIFIER = "de.westwing.wwdc21.RealityKit-3D-Previewer";
				PRODUCT_NAME = "$(TARGET_NAME)";
				SWIFT_EMIT_LOC_STRINGS = YES;
				SWIFT_VERSION = 5.0;
				TARGETED_DEVICE_FAMILY = "1,2";
			};
			name = Release;
		};
/* End XCBuildConfiguration section */

/* Begin XCConfigurationList section */
		99BBC3FB2670AE91000EB980 /* Build configuration list for PBXProject "RealityKit-3D-Previewer" */ = {
			isa = XCConfigurationList;
			buildConfigurations = (
				99BBC40C2670AE93000EB980 /* Debug */,
				99BBC40D2670AE93000EB980 /* Release */,
			);
			defaultConfigurationIsVisible = 0;
			defaultConfigurationName = Release;
		};
		99BBC40E2670AE93000EB980 /* Build configuration list for PBXNativeTarget "RealityKit-3D-Previewer" */ = {
			isa = XCConfigurationList;
			buildConfigurations = (
				99BBC40F2670AE93000EB980 /* Debug */,
				99BBC4102670AE93000EB980 /* Release */,
			);
			defaultConfigurationIsVisible = 0;
			defaultConfigurationName = Release;
		};
/* End XCConfigurationList section */
	};
	rootObject = 99BBC3F82670AE91000EB980 /* Project object */;
}
